lockfileVersion: '9.0'

settings:
  autoInstallPeers: true
  excludeLinksFromLockfile: false

importers:
  .:
    dependencies:
      next:
        specifier: 15.1.0
        version: 15.1.0
      react:
        specifier: 19.0.0
        version: 19.0.0
      react-dom:
        specifier: 19.0.0
        version: 19.0.0
